
Microsoft Visual Studio Solution File, Format Version 12.00
# Visual Studio Version 16
VisualStudioVersion = 16.0.29613.14
MinimumVisualStudioVersion = 10.0.40219.1
Project("{FAE04EC0-301F-11D3-BF4B-00C04F79EFBC}") = "Mimicapi", "Mimicapi.csproj", "{5CA54699-C8D0-49F0-A9AF-4E674209DDF4}"
EndProject
Global
	GlobalSection(SolutionConfigurationPlatforms) = preSolution
		Debug|Any CPU = Debug|Any CPU
		Release|Any CPU = Release|Any CPU
	EndGlobalSection
	GlobalSection(ProjectConfigurationPlatforms) = postSolution
		{5CA54699-C8D0-49F0-A9AF-4E674209DDF4}.Debug|Any CPU.ActiveCfg = Debug|Any CPU
		{5CA54699-C8D0-49F0-A9AF-4E674209DDF4}.Debug|Any CPU.Build.0 = Debug|Any CPU
		{5CA54699-C8D0-49F0-A9AF-4E674209DDF4}.Release|Any CPU.ActiveCfg = Release|Any CPU
		{5CA54699-C8D0-49F0-A9AF-4E674209DDF4}.Release|Any CPU.Build.0 = Release|Any CPU
	EndGlobalSection
	GlobalSection(SolutionProperties) = preSolution
		HideSolutionNode = FALSE
	EndGlobalSection
	GlobalSection(ExtensibilityGlobals) = postSolution
		SolutionGuid = {66A0B9BF-7A8A-4BF3-8221-9B4B7ABF3927}
	EndGlobalSection
EndGlobal
